// !$*UTF8*$!
{
	archiveVersion = 1;
	classes = {
	};
	objectVersion = 50;
	objects = {

/* Begin PBXBuildFile section */
		8AD16E4B27D303F700231AC9 /* main.swift in Sources */ = {isa = PBXBuildFile; fileRef = 8AD16E4A27D303F700231AC9 /* main.swift */; };
		8AD16E5D27D3078000231AC9 /* main.swift in Sources */ = {isa = PBXBuildFile; fileRef = 8AD16E5C27D3078000231AC9 /* main.swift */; };
		B39D374227D20E5800614014 /* AppDelegate.swift in Sources */ = {isa = PBXBuildFile; fileRef = B39D374127D20E5800614014 /* AppDelegate.swift */; };
		B39D374427D20E5800614014 /* SceneDelegate.swift in Sources */ = {isa = PBXBuildFile; fileRef = B39D374327D20E5800614014 /* SceneDelegate.swift */; };
		B39D374627D20E5800614014 /* ViewController.swift in Sources */ = {isa = PBXBuildFile; fileRef = B39D374527D20E5800614014 /* ViewController.swift */; };
		B39D374927D20E5800614014 /* Main.storyboard in Resources */ = {isa = PBXBuildFile; fileRef = B39D374727D20E5800614014 /* Main.storyboard */; };
		B39D374B27D20E6200614014 /* Assets.xcassets in Resources */ = {isa = PBXBuildFile; fileRef = B39D374A27D20E6200614014 /* Assets.xcassets */; };
		B39D374E27D20E6200614014 /* LaunchScreen.storyboard in Resources */ = {isa = PBXBuildFile; fileRef = B39D374C27D20E6200614014 /* LaunchScreen.storyboard */; };
		B39D375E27D20EEB00614014 /* main.swift in Sources */ = {isa = PBXBuildFile; fileRef = B39D375D27D20EEB00614014 /* main.swift */; };
		B39D376B27D21D5D00614014 /* main.swift in Sources */ = {isa = PBXBuildFile; fileRef = B39D376A27D21D5D00614014 /* main.swift */; };
		B39D377927D21F9300614014 /* main.swift in Sources */ = {isa = PBXBuildFile; fileRef = B39D377827D21F9300614014 /* main.swift */; };
		B39D378827D2226400614014 /* main.swift in Sources */ = {isa = PBXBuildFile; fileRef = B39D378727D2226400614014 /* main.swift */; };
		B39D379227D223C700614014 /* main1.swift in Sources */ = {isa = PBXBuildFile; fileRef = B39D379127D223C700614014 /* main1.swift */; };
		B39D379F27D227CE00614014 /* main.swift in Sources */ = {isa = PBXBuildFile; fileRef = B39D379E27D227CE00614014 /* main.swift */; };
/* End PBXBuildFile section */

/* Begin PBXCopyFilesBuildPhase section */
		8AD16E4627D303F700231AC9 /* CopyFiles */ = {
			isa = PBXCopyFilesBuildPhase;
			buildActionMask = 2147483647;
			dstPath = /usr/share/man/man1/;
			dstSubfolderSpec = 0;
			files = (
			);
			runOnlyForDeploymentPostprocessing = 1;
		};
		8AD16E5827D3078000231AC9 /* CopyFiles */ = {
			isa = PBXCopyFilesBuildPhase;
			buildActionMask = 2147483647;
			dstPath = /usr/share/man/man1/;
			dstSubfolderSpec = 0;
			files = (
			);
			runOnlyForDeploymentPostprocessing = 1;
		};
		B39D375927D20EEB00614014 /* CopyFiles */ = {
			isa = PBXCopyFilesBuildPhase;
			buildActionMask = 2147483647;
			dstPath = /usr/share/man/man1/;
			dstSubfolderSpec = 0;
			files = (
			);
			runOnlyForDeploymentPostprocessing = 1;
		};
		B39D376627D21D5D00614014 /* CopyFiles */ = {
			isa = PBXCopyFilesBuildPhase;
			buildActionMask = 2147483647;
			dstPath = /usr/share/man/man1/;
			dstSubfolderSpec = 0;
			files = (
			);
			runOnlyForDeploymentPostprocessing = 1;
		};
		B39D377427D21F9300614014 /* CopyFiles */ = {
			isa = PBXCopyFilesBuildPhase;
			buildActionMask = 2147483647;
			dstPath = /usr/share/man/man1/;
			dstSubfolderSpec = 0;
			files = (
			);
			runOnlyForDeploymentPostprocessing = 1;
		};
		B39D378327D2226400614014 /* CopyFiles */ = {
			isa = PBXCopyFilesBuildPhase;
			buildActionMask = 2147483647;
			dstPath = /usr/share/man/man1/;
			dstSubfolderSpec = 0;
			files = (
			);
			runOnlyForDeploymentPostprocessing = 1;
		};
		B39D379A27D227CE00614014 /* CopyFiles */ = {
			isa = PBXCopyFilesBuildPhase;
			buildActionMask = 2147483647;
			dstPath = /usr/share/man/man1/;
			dstSubfolderSpec = 0;
			files = (
			);
			runOnlyForDeploymentPostprocessing = 1;
		};
/* End PBXCopyFilesBuildPhase section */

/* Begin PBXFileReference section */
		8AD16E4827D303F700231AC9 /* 06-迪米特法则 */ = {isa = PBXFileReference; explicitFileType = "compiled.mach-o.executable"; includeInIndex = 0; path = "06-迪米特法则"; sourceTree = BUILT_PRODUCTS_DIR; };
		8AD16E4A27D303F700231AC9 /* main.swift */ = {isa = PBXFileReference; lastKnownFileType = sourcecode.swift; path = main.swift; sourceTree = "<group>"; };
		8AD16E5A27D3078000231AC9 /* 07-合成复用原则 */ = {isa = PBXFileReference; explicitFileType = "compiled.mach-o.executable"; includeInIndex = 0; path = "07-合成复用原则"; sourceTree = BUILT_PRODUCTS_DIR; };
		8AD16E5C27D3078000231AC9 /* main.swift */ = {isa = PBXFileReference; lastKnownFileType = sourcecode.swift; path = main.swift; sourceTree = "<group>"; };
		B39D373E27D20E5800614014 /* DesignPrinciple.app */ = {isa = PBXFileReference; explicitFileType = wrapper.application; includeInIndex = 0; path = DesignPrinciple.app; sourceTree = BUILT_PRODUCTS_DIR; };
		B39D374127D20E5800614014 /* AppDelegate.swift */ = {isa = PBXFileReference; lastKnownFileType = sourcecode.swift; path = AppDelegate.swift; sourceTree = "<group>"; };
		B39D374327D20E5800614014 /* SceneDelegate.swift */ = {isa = PBXFileReference; lastKnownFileType = sourcecode.swift; path = SceneDelegate.swift; sourceTree = "<group>"; };
		B39D374527D20E5800614014 /* ViewController.swift */ = {isa = PBXFileReference; lastKnownFileType = sourcecode.swift; path = ViewController.swift; sourceTree = "<group>"; };
		B39D374827D20E5800614014 /* Base */ = {isa = PBXFileReference; lastKnownFileType = file.storyboard; name = Base; path = Base.lproj/Main.storyboard; sourceTree = "<group>"; };
		B39D374A27D20E6200614014 /* Assets.xcassets */ = {isa = PBXFileReference; lastKnownFileType = folder.assetcatalog; path = Assets.xcassets; sourceTree = "<group>"; };
		B39D374D27D20E6200614014 /* Base */ = {isa = PBXFileReference; lastKnownFileType = file.storyboard; name = Base; path = Base.lproj/LaunchScreen.storyboard; sourceTree = "<group>"; };
		B39D374F27D20E6200614014 /* Info.plist */ = {isa = PBXFileReference; lastKnownFileType = text.plist.xml; path = Info.plist; sourceTree = "<group>"; };
		B39D375B27D20EEB00614014 /* 01-开闭原则 */ = {isa = PBXFileReference; explicitFileType = "compiled.mach-o.executable"; includeInIndex = 0; path = "01-开闭原则"; sourceTree = BUILT_PRODUCTS_DIR; };
		B39D375D27D20EEB00614014 /* main.swift */ = {isa = PBXFileReference; lastKnownFileType = sourcecode.swift; path = main.swift; sourceTree = "<group>"; };
		B39D376827D21D5D00614014 /* 02-里式替换原则 */ = {isa = PBXFileReference; explicitFileType = "compiled.mach-o.executable"; includeInIndex = 0; path = "02-里式替换原则"; sourceTree = BUILT_PRODUCTS_DIR; };
		B39D376A27D21D5D00614014 /* main.swift */ = {isa = PBXFileReference; lastKnownFileType = sourcecode.swift; path = main.swift; sourceTree = "<group>"; };
		B39D377627D21F9300614014 /* 03-单一职责原则 */ = {isa = PBXFileReference; explicitFileType = "compiled.mach-o.executable"; includeInIndex = 0; path = "03-单一职责原则"; sourceTree = BUILT_PRODUCTS_DIR; };
		B39D377827D21F9300614014 /* main.swift */ = {isa = PBXFileReference; lastKnownFileType = sourcecode.swift; path = main.swift; sourceTree = "<group>"; };
		B39D378527D2226400614014 /* 04-接口隔离原则 */ = {isa = PBXFileReference; explicitFileType = "compiled.mach-o.executable"; includeInIndex = 0; path = "04-接口隔离原则"; sourceTree = BUILT_PRODUCTS_DIR; };
		B39D378727D2226400614014 /* main.swift */ = {isa = PBXFileReference; lastKnownFileType = sourcecode.swift; path = main.swift; sourceTree = "<group>"; };
		B39D379127D223C700614014 /* main1.swift */ = {isa = PBXFileReference; lastKnownFileType = sourcecode.swift; path = main1.swift; sourceTree = "<group>"; };
		B39D379C27D227CE00614014 /* 05-依赖倒置原则 */ = {isa = PBXFileReference; explicitFileType = "compiled.mach-o.executable"; includeInIndex = 0; path = "05-依赖倒置原则"; sourceTree = BUILT_PRODUCTS_DIR; };
		B39D379E27D227CE00614014 /* main.swift */ = {isa = PBXFileReference; lastKnownFileType = sourcecode.swift; path = main.swift; sourceTree = "<group>"; };
/* End PBXFileReference section */

/* Begin PBXFrameworksBuildPhase section */
		8AD16E4527D303F700231AC9 /* Frameworks */ = {
			isa = PBXFrameworksBuildPhase;
			buildActionMask = 2147483647;
			files = (
			);
			runOnlyForDeploymentPostprocessing = 0;
		};
		8AD16E5727D3078000231AC9 /* Frameworks */ = {
			isa = PBXFrameworksBuildPhase;
			buildActionMask = 2147483647;
			files = (
			);
			runOnlyForDeploymentPostprocessing = 0;
		};
		B39D373B27D20E5800614014 /* Frameworks */ = {
			isa = PBXFrameworksBuildPhase;
			buildActionMask = 2147483647;
			files = (
			);
			runOnlyForDeploymentPostprocessing = 0;
		};
		B39D375827D20EEB00614014 /* Frameworks */ = {
			isa = PBXFrameworksBuildPhase;
			buildActionMask = 2147483647;
			files = (
			);
			runOnlyForDeploymentPostprocessing = 0;
		};
		B39D376527D21D5D00614014 /* Frameworks */ = {
			isa = PBXFrameworksBuildPhase;
			buildActionMask = 2147483647;
			files = (
			);
			runOnlyForDeploymentPostprocessing = 0;
		};
		B39D377327D21F9300614014 /* Frameworks */ = {
			isa = PBXFrameworksBuildPhase;
			buildActionMask = 2147483647;
			files = (
			);
			runOnlyForDeploymentPostprocessing = 0;
		};
		B39D378227D2226400614014 /* Frameworks */ = {
			isa = PBXFrameworksBuildPhase;
			buildActionMask = 2147483647;
			files = (
			);
			runOnlyForDeploymentPostprocessing = 0;
		};
		B39D379927D227CE00614014 /* Frameworks */ = {
			isa = PBXFrameworksBuildPhase;
			buildActionMask = 2147483647;
			files = (
			);
			runOnlyForDeploymentPostprocessing = 0;
		};
/* End PBXFrameworksBuildPhase section */

/* Begin PBXGroup section */
		8AD16E4927D303F700231AC9 /* 06-迪米特法则 */ = {
			isa = PBXGroup;
			children = (
				8AD16E4A27D303F700231AC9 /* main.swift */,
			);
			path = "06-迪米特法则";
			sourceTree = "<group>";
		};
		8AD16E5B27D3078000231AC9 /* 07-合成复用原则 */ = {
			isa = PBXGroup;
			children = (
				8AD16E5C27D3078000231AC9 /* main.swift */,
			);
			path = "07-合成复用原则";
			sourceTree = "<group>";
		};
		B39D373527D20E5800614014 = {
			isa = PBXGroup;
			children = (
				B39D374027D20E5800614014 /* DesignPrinciple */,
				B39D375C27D20EEB00614014 /* 01-开闭原则 */,
				B39D376927D21D5D00614014 /* 02-里式替换原则 */,
				B39D377727D21F9300614014 /* 03-单一职责原则 */,
				B39D378627D2226400614014 /* 04-接口隔离原则 */,
				B39D379D27D227CE00614014 /* 05-依赖倒置原则 */,
				8AD16E4927D303F700231AC9 /* 06-迪米特法则 */,
				8AD16E5B27D3078000231AC9 /* 07-合成复用原则 */,
				B39D373F27D20E5800614014 /* Products */,
			);
			sourceTree = "<group>";
		};
		B39D373F27D20E5800614014 /* Products */ = {
			isa = PBXGroup;
			children = (
				B39D373E27D20E5800614014 /* DesignPrinciple.app */,
				B39D375B27D20EEB00614014 /* 01-开闭原则 */,
				B39D376827D21D5D00614014 /* 02-里式替换原则 */,
				B39D377627D21F9300614014 /* 03-单一职责原则 */,
				B39D378527D2226400614014 /* 04-接口隔离原则 */,
				B39D379C27D227CE00614014 /* 05-依赖倒置原则 */,
				8AD16E4827D303F700231AC9 /* 06-迪米特法则 */,
				8AD16E5A27D3078000231AC9 /* 07-合成复用原则 */,
			);
			name = Products;
			sourceTree = "<group>";
		};
		B39D374027D20E5800614014 /* DesignPrinciple */ = {
			isa = PBXGroup;
			children = (
				B39D374127D20E5800614014 /* AppDelegate.swift */,
				B39D374327D20E5800614014 /* SceneDelegate.swift */,
				B39D374527D20E5800614014 /* ViewController.swift */,
				B39D374727D20E5800614014 /* Main.storyboard */,
				B39D374A27D20E6200614014 /* Assets.xcassets */,
				B39D374C27D20E6200614014 /* LaunchScreen.storyboard */,
				B39D374F27D20E6200614014 /* Info.plist */,
			);
			path = DesignPrinciple;
			sourceTree = "<group>";
		};
		B39D375C27D20EEB00614014 /* 01-开闭原则 */ = {
			isa = PBXGroup;
			children = (
				B39D375D27D20EEB00614014 /* main.swift */,
			);
			path = "01-开闭原则";
			sourceTree = "<group>";
		};
		B39D376927D21D5D00614014 /* 02-里式替换原则 */ = {
			isa = PBXGroup;
			children = (
				B39D376A27D21D5D00614014 /* main.swift */,
			);
			path = "02-里式替换原则";
			sourceTree = "<group>";
		};
		B39D377727D21F9300614014 /* 03-单一职责原则 */ = {
			isa = PBXGroup;
			children = (
				B39D377827D21F9300614014 /* main.swift */,
			);
			path = "03-单一职责原则";
			sourceTree = "<group>";
		};
		B39D378627D2226400614014 /* 04-接口隔离原则 */ = {
			isa = PBXGroup;
			children = (
				B39D378727D2226400614014 /* main.swift */,
				B39D379127D223C700614014 /* main1.swift */,
			);
			path = "04-接口隔离原则";
			sourceTree = "<group>";
		};
		B39D379D27D227CE00614014 /* 05-依赖倒置原则 */ = {
			isa = PBXGroup;
			children = (
				B39D379E27D227CE00614014 /* main.swift */,
			);
			path = "05-依赖倒置原则";
			sourceTree = "<group>";
		};
/* End PBXGroup section */

/* Begin PBXNativeTarget section */
		8AD16E4727D303F700231AC9 /* 06-迪米特法则 */ = {
			isa = PBXNativeTarget;
			buildConfigurationList = 8AD16E4E27D303F700231AC9 /* Build configuration list for PBXNativeTarget "06-迪米特法则" */;
			buildPhases = (
				8AD16E4427D303F700231AC9 /* Sources */,
				8AD16E4527D303F700231AC9 /* Frameworks */,
				8AD16E4627D303F700231AC9 /* CopyFiles */,
			);
			buildRules = (
			);
			dependencies = (
			);
			name = "06-迪米特法则";
			productName = "06-迪米特法则";
			productReference = 8AD16E4827D303F700231AC9 /* 06-迪米特法则 */;
			productType = "com.apple.product-type.tool";
		};
		8AD16E5927D3078000231AC9 /* 07-合成复用原则 */ = {
			isa = PBXNativeTarget;
			buildConfigurationList = 8AD16E5E27D3078000231AC9 /* Build configuration list for PBXNativeTarget "07-合成复用原则" */;
			buildPhases = (
				8AD16E5627D3078000231AC9 /* Sources */,
				8AD16E5727D3078000231AC9 /* Frameworks */,
				8AD16E5827D3078000231AC9 /* CopyFiles */,
			);
			buildRules = (
			);
			dependencies = (
			);
			name = "07-合成复用原则";
			productName = "07-合成复用原则";
			productReference = 8AD16E5A27D3078000231AC9 /* 07-合成复用原则 */;
			productType = "com.apple.product-type.tool";
		};
		B39D373D27D20E5800614014 /* DesignPrinciple */ = {
			isa = PBXNativeTarget;
			buildConfigurationList = B39D375227D20E6200614014 /* Build configuration list for PBXNativeTarget "DesignPrinciple" */;
			buildPhases = (
				B39D373A27D20E5800614014 /* Sources */,
				B39D373B27D20E5800614014 /* Frameworks */,
				B39D373C27D20E5800614014 /* Resources */,
			);
			buildRules = (
			);
			dependencies = (
			);
			name = DesignPrinciple;
			productName = DesignPrinciple;
			productReference = B39D373E27D20E5800614014 /* DesignPrinciple.app */;
			productType = "com.apple.product-type.application";
		};
		B39D375A27D20EEB00614014 /* 01-开闭原则 */ = {
			isa = PBXNativeTarget;
			buildConfigurationList = B39D376127D20EEB00614014 /* Build configuration list for PBXNativeTarget "01-开闭原则" */;
			buildPhases = (
				B39D375727D20EEB00614014 /* Sources */,
				B39D375827D20EEB00614014 /* Frameworks */,
				B39D375927D20EEB00614014 /* CopyFiles */,
			);
			buildRules = (
			);
			dependencies = (
			);
			name = "01-开闭原则";
			productName = "01-开闭原则";
			productReference = B39D375B27D20EEB00614014 /* 01-开闭原则 */;
			productType = "com.apple.product-type.tool";
		};
		B39D376727D21D5D00614014 /* 02-里式替换原则 */ = {
			isa = PBXNativeTarget;
			buildConfigurationList = B39D376C27D21D5D00614014 /* Build configuration list for PBXNativeTarget "02-里式替换原则" */;
			buildPhases = (
				B39D376427D21D5D00614014 /* Sources */,
				B39D376527D21D5D00614014 /* Frameworks */,
				B39D376627D21D5D00614014 /* CopyFiles */,
			);
			buildRules = (
			);
			dependencies = (
			);
			name = "02-里式替换原则";
			productName = "02-里式替换原则";
			productReference = B39D376827D21D5D00614014 /* 02-里式替换原则 */;
			productType = "com.apple.product-type.tool";
		};
		B39D377527D21F9300614014 /* 03-单一职责原则 */ = {
			isa = PBXNativeTarget;
			buildConfigurationList = B39D377A27D21F9300614014 /* Build configuration list for PBXNativeTarget "03-单一职责原则" */;
			buildPhases = (
				B39D377227D21F9300614014 /* Sources */,
				B39D377327D21F9300614014 /* Frameworks */,
				B39D377427D21F9300614014 /* CopyFiles */,
			);
			buildRules = (
			);
			dependencies = (
			);
			name = "03-单一职责原则";
			productName = "03-单一职责原则";
			productReference = B39D377627D21F9300614014 /* 03-单一职责原则 */;
			productType = "com.apple.product-type.tool";
		};
		B39D378427D2226400614014 /* 04-接口隔离原则 */ = {
			isa = PBXNativeTarget;
			buildConfigurationList = B39D378927D2226400614014 /* Build configuration list for PBXNativeTarget "04-接口隔离原则" */;
			buildPhases = (
				B39D378127D2226400614014 /* Sources */,
				B39D378227D2226400614014 /* Frameworks */,
				B39D378327D2226400614014 /* CopyFiles */,
			);
			buildRules = (
			);
			dependencies = (
			);
			name = "04-接口隔离原则";
			productName = "04-接口隔离原则";
			productReference = B39D378527D2226400614014 /* 04-接口隔离原则 */;
			productType = "com.apple.product-type.tool";
		};
		B39D379B27D227CE00614014 /* 05-依赖倒置原则 */ = {
			isa = PBXNativeTarget;
			buildConfigurationList = B39D37A027D227CE00614014 /* Build configuration list for PBXNativeTarget "05-依赖倒置原则" */;
			buildPhases = (
				B39D379827D227CE00614014 /* Sources */,
				B39D379927D227CE00614014 /* Frameworks */,
				B39D379A27D227CE00614014 /* CopyFiles */,
			);
			buildRules = (
			);
			dependencies = (
			);
			name = "05-依赖倒置原则";
			productName = "05-依赖倒置原则";
			productReference = B39D379C27D227CE00614014 /* 05-依赖倒置原则 */;
			productType = "com.apple.product-type.tool";
		};
/* End PBXNativeTarget section */

/* Begin PBXProject section */
		B39D373627D20E5800614014 /* Project object */ = {
			isa = PBXProject;
			attributes = {
				LastSwiftUpdateCheck = 1240;
				LastUpgradeCheck = 1230;
				TargetAttributes = {
					8AD16E4727D303F700231AC9 = {
						CreatedOnToolsVersion = 12.4;
					};
					8AD16E5927D3078000231AC9 = {
						CreatedOnToolsVersion = 12.4;
					};
					B39D373D27D20E5800614014 = {
						CreatedOnToolsVersion = 12.3;
					};
					B39D375A27D20EEB00614014 = {
						CreatedOnToolsVersion = 12.3;
					};
					B39D376727D21D5D00614014 = {
						CreatedOnToolsVersion = 12.3;
					};
					B39D377527D21F9300614014 = {
						CreatedOnToolsVersion = 12.3;
					};
					B39D378427D2226400614014 = {
						CreatedOnToolsVersion = 12.3;
					};
					B39D379B27D227CE00614014 = {
						CreatedOnToolsVersion = 12.3;
					};
				};
			};
			buildConfigurationList = B39D373927D20E5800614014 /* Build configuration list for PBXProject "DesignPrinciple" */;
			compatibilityVersion = "Xcode 9.3";
			developmentRegion = en;
			hasScannedForEncodings = 0;
			knownRegions = (
				en,
				Base,
			);
			mainGroup = B39D373527D20E5800614014;
			productRefGroup = B39D373F27D20E5800614014 /* Products */;
			projectDirPath = "";
			projectRoot = "";
			targets = (
				B39D373D27D20E5800614014 /* DesignPrinciple */,
				B39D375A27D20EEB00614014 /* 01-开闭原则 */,
				B39D376727D21D5D00614014 /* 02-里式替换原则 */,
				B39D377527D21F9300614014 /* 03-单一职责原则 */,
				B39D378427D2226400614014 /* 04-接口隔离原则 */,
				B39D379B27D227CE00614014 /* 05-依赖倒置原则 */,
				8AD16E4727D303F700231AC9 /* 06-迪米特法则 */,
				8AD16E5927D3078000231AC9 /* 07-合成复用原则 */,
			);
		};
/* End PBXProject section */

/* Begin PBXResourcesBuildPhase section */
		B39D373C27D20E5800614014 /* Resources */ = {
			isa = PBXResourcesBuildPhase;
			buildActionMask = 2147483647;
			files = (
				B39D374E27D20E6200614014 /* LaunchScreen.storyboard in Resources */,
				B39D374B27D20E6200614014 /* Assets.xcassets in Resources */,
				B39D374927D20E5800614014 /* Main.storyboard in Resources */,
			);
			runOnlyForDeploymentPostprocessing = 0;
		};
/* End PBXResourcesBuildPhase section */

/* Begin PBXSourcesBuildPhase section */
		8AD16E4427D303F700231AC9 /* Sources */ = {
			isa = PBXSourcesBuildPhase;
			buildActionMask = 2147483647;
			files = (
				8AD16E4B27D303F700231AC9 /* main.swift in Sources */,
			);
			runOnlyForDeploymentPostprocessing = 0;
		};
		8AD16E5627D3078000231AC9 /* Sources */ = {
			isa = PBXSourcesBuildPhase;
			buildActionMask = 2147483647;
			files = (
				8AD16E5D27D3078000231AC9 /* main.swift in Sources */,
			);
			runOnlyForDeploymentPostprocessing = 0;
		};
		B39D373A27D20E5800614014 /* Sources */ = {
			isa = PBXSourcesBuildPhase;
			buildActionMask = 2147483647;
			files = (
				B39D374627D20E5800614014 /* ViewController.swift in Sources */,
				B39D374227D20E5800614014 /* AppDelegate.swift in Sources */,
				B39D374427D20E5800614014 /* SceneDelegate.swift in Sources */,
			);
			runOnlyForDeploymentPostprocessing = 0;
		};
		B39D375727D20EEB00614014 /* Sources */ = {
			isa = PBXSourcesBuildPhase;
			buildActionMask = 2147483647;
			files = (
				B39D375E27D20EEB00614014 /* main.swift in Sources */,
			);
			runOnlyForDeploymentPostprocessing = 0;
		};
		B39D376427D21D5D00614014 /* Sources */ = {
			isa = PBXSourcesBuildPhase;
			buildActionMask = 2147483647;
			files = (
				B39D376B27D21D5D00614014 /* main.swift in Sources */,
			);
			runOnlyForDeploymentPostprocessing = 0;
		};
		B39D377227D21F9300614014 /* Sources */ = {
			isa = PBXSourcesBuildPhase;
			buildActionMask = 2147483647;
			files = (
				B39D377927D21F9300614014 /* main.swift in Sources */,
			);
			runOnlyForDeploymentPostprocessing = 0;
		};
		B39D378127D2226400614014 /* Sources */ = {
			isa = PBXSourcesBuildPhase;
			buildActionMask = 2147483647;
			files = (
				B39D379227D223C700614014 /* main1.swift in Sources */,
				B39D378827D2226400614014 /* main.swift in Sources */,
			);
			runOnlyForDeploymentPostprocessing = 0;
		};
		B39D379827D227CE00614014 /* Sources */ = {
			isa = PBXSourcesBuildPhase;
			buildActionMask = 2147483647;
			files = (
				B39D379F27D227CE00614014 /* main.swift in Sources */,
			);
			runOnlyForDeploymentPostprocessing = 0;
		};
/* End PBXSourcesBuildPhase section */

/* Begin PBXVariantGroup section */
		B39D374727D20E5800614014 /* Main.storyboard */ = {
			isa = PBXVariantGroup;
			children = (
				B39D374827D20E5800614014 /* Base */,
			);
			name = Main.storyboard;
			sourceTree = "<group>";
		};
		B39D374C27D20E6200614014 /* LaunchScreen.storyboard */ = {
			isa = PBXVariantGroup;
			children = (
				B39D374D27D20E6200614014 /* Base */,
			);
			name = LaunchScreen.storyboard;
			sourceTree = "<group>";
		};
/* End PBXVariantGroup section */

/* Begin XCBuildConfiguration section */
		8AD16E4C27D303F700231AC9 /* Debug */ = {
			isa = XCBuildConfiguration;
			buildSettings = {
				CODE_SIGN_STYLE = Automatic;
				DEVELOPMENT_TEAM = HGF48S4DZC;
				ENABLE_HARDENED_RUNTIME = YES;
				MACOSX_DEPLOYMENT_TARGET = 11.1;
				PRODUCT_NAME = "$(TARGET_NAME)";
				SDKROOT = macosx;
				SWIFT_VERSION = 5.0;
			};
			name = Debug;
		};
		8AD16E4D27D303F700231AC9 /* Release */ = {
			isa = XCBuildConfiguration;
			buildSettings = {
				CODE_SIGN_STYLE = Automatic;
				DEVELOPMENT_TEAM = HGF48S4DZC;
				ENABLE_HARDENED_RUNTIME = YES;
				MACOSX_DEPLOYMENT_TARGET = 11.1;
				PRODUCT_NAME = "$(TARGET_NAME)";
				SDKROOT = macosx;
				SWIFT_VERSION = 5.0;
			};
			name = Release;
		};
		8AD16E5F27D3078000231AC9 /* Debug */ = {
			isa = XCBuildConfiguration;
			buildSettings = {
				CODE_SIGN_STYLE = Automatic;
				DEVELOPMENT_TEAM = HGF48S4DZC;
				ENABLE_HARDENED_RUNTIME = YES;
				MACOSX_DEPLOYMENT_TARGET = 11.1;
				PRODUCT_NAME = "$(TARGET_NAME)";
				SDKROOT = macosx;
				SWIFT_VERSION = 5.0;
			};
			name = Debug;
		};
		8AD16E6027D3078000231AC9 /* Release */ = {
			isa = XCBuildConfiguration;
			buildSettings = {
				CODE_SIGN_STYLE = Automatic;
				DEVELOPMENT_TEAM = HGF48S4DZC;
				ENABLE_HARDENED_RUNTIME = YES;
				MACOSX_DEPLOYMENT_TARGET = 11.1;
				PRODUCT_NAME = "$(TARGET_NAME)";
				SDKROOT = macosx;
				SWIFT_VERSION = 5.0;
			};
			name = Release;
		};
		B39D375027D20E6200614014 /* Debug */ = {
			isa = XCBuildConfiguration;
			buildSettings = {
				ALWAYS_SEARCH_USER_PATHS = NO;
				CLANG_ANALYZER_NONNULL = YES;
				CLANG_ANALYZER_NUMBER_OBJECT_CONVERSION = YES_AGGRESSIVE;
				CLANG_CXX_LANGUAGE_STANDARD = "gnu++14";
				CLANG_CXX_LIBRARY = "libc++";
				CLANG_ENABLE_MODULES = YES;
				CLANG_ENABLE_OBJC_ARC = YES;
				CLANG_ENABLE_OBJC_WEAK = YES;
				CLANG_WARN_BLOCK_CAPTURE_AUTORELEASING = YES;
				CLANG_WARN_BOOL_CONVERSION = YES;
				CLANG_WARN_COMMA = YES;
				CLANG_WARN_CONSTANT_CONVERSION = YES;
				CLANG_WARN_DEPRECATED_OBJC_IMPLEMENTATIONS = YES;
				CLANG_WARN_DIRECT_OBJC_ISA_USAGE = YES_ERROR;
				CLANG_WARN_DOCUMENTATION_COMMENTS = YES;
				CLANG_WARN_EMPTY_BODY = YES;
				CLANG_WARN_ENUM_CONVERSION = YES;
				CLANG_WARN_INFINITE_RECURSION = YES;
				CLANG_WARN_INT_CONVERSION = YES;
				CLANG_WARN_NON_LITERAL_NULL_CONVERSION = YES;
				CLANG_WARN_OBJC_IMPLICIT_RETAIN_SELF = YES;
				CLANG_WARN_OBJC_LITERAL_CONVERSION = YES;
				CLANG_WARN_OBJC_ROOT_CLASS = YES_ERROR;
				CLANG_WARN_QUOTED_INCLUDE_IN_FRAMEWORK_HEADER = YES;
				CLANG_WARN_RANGE_LOOP_ANALYSIS = YES;
				CLANG_WARN_STRICT_PROTOTYPES = YES;
				CLANG_WARN_SUSPICIOUS_MOVE = YES;
				CLANG_WARN_UNGUARDED_AVAILABILITY = YES_AGGRESSIVE;
				CLANG_WARN_UNREACHABLE_CODE = YES;
				CLANG_WARN__DUPLICATE_METHOD_MATCH = YES;
				COPY_PHASE_STRIP = NO;
				DEBUG_INFORMATION_FORMAT = dwarf;
				ENABLE_STRICT_OBJC_MSGSEND = YES;
				ENABLE_TESTABILITY = YES;
				GCC_C_LANGUAGE_STANDARD = gnu11;
				GCC_DYNAMIC_NO_PIC = NO;
				GCC_NO_COMMON_BLOCKS = YES;
				GCC_OPTIMIZATION_LEVEL = 0;
				GCC_PREPROCESSOR_DEFINITIONS = (
					"DEBUG=1",
					"$(inherited)",
				);
				GCC_WARN_64_TO_32_BIT_CONVERSION = YES;
				GCC_WARN_ABOUT_RETURN_TYPE = YES_ERROR;
				GCC_WARN_UNDECLARED_SELECTOR = YES;
				GCC_WARN_UNINITIALIZED_AUTOS = YES_AGGRESSIVE;
				GCC_WARN_UNUSED_FUNCTION = YES;
				GCC_WARN_UNUSED_VARIABLE = YES;
				IPHONEOS_DEPLOYMENT_TARGET = 14.3;
				MTL_ENABLE_DEBUG_INFO = INCLUDE_SOURCE;
				MTL_FAST_MATH = YES;
				ONLY_ACTIVE_ARCH = YES;
				SDKROOT = iphoneos;
				SWIFT_ACTIVE_COMPILATION_CONDITIONS = DEBUG;
				SWIFT_OPTIMIZATION_LEVEL = "-Onone";
			};
			name = Debug;
		};
		B39D375127D20E6200614014 /* Release */ = {
			isa = XCBuildConfiguration;
			buildSettings = {
				ALWAYS_SEARCH_USER_PATHS = NO;
				CLANG_ANALYZER_NONNULL = YES;
				CLANG_ANALYZER_NUMBER_OBJECT_CONVERSION = YES_AGGRESSIVE;
				CLANG_CXX_LANGUAGE_STANDARD = "gnu++14";
				CLANG_CXX_LIBRARY = "libc++";
				CLANG_ENABLE_MODULES = YES;
				CLANG_ENABLE_OBJC_ARC = YES;
				CLANG_ENABLE_OBJC_WEAK = YES;
				CLANG_WARN_BLOCK_CAPTURE_AUTORELEASING = YES;
				CLANG_WARN_BOOL_CONVERSION = YES;
				CLANG_WARN_COMMA = YES;
				CLANG_WARN_CONSTANT_CONVERSION = YES;
				CLANG_WARN_DEPRECATED_OBJC_IMPLEMENTATIONS = YES;
				CLANG_WARN_DIRECT_OBJC_ISA_USAGE = YES_ERROR;
				CLANG_WARN_DOCUMENTATION_COMMENTS = YES;
				CLANG_WARN_EMPTY_BODY = YES;
				CLANG_WARN_ENUM_CONVERSION = YES;
				CLANG_WARN_INFINITE_RECURSION = YES;
				CLANG_WARN_INT_CONVERSION = YES;
				CLANG_WARN_NON_LITERAL_NULL_CONVERSION = YES;
				CLANG_WARN_OBJC_IMPLICIT_RETAIN_SELF = YES;
				CLANG_WARN_OBJC_LITERAL_CONVERSION = YES;
				CLANG_WARN_OBJC_ROOT_CLASS = YES_ERROR;
				CLANG_WARN_QUOTED_INCLUDE_IN_FRAMEWORK_HEADER = YES;
				CLANG_WARN_RANGE_LOOP_ANALYSIS = YES;
				CLANG_WARN_STRICT_PROTOTYPES = YES;
				CLANG_WARN_SUSPICIOUS_MOVE = YES;
				CLANG_WARN_UNGUARDED_AVAILABILITY = YES_AGGRESSIVE;
				CLANG_WARN_UNREACHABLE_CODE = YES;
				CLANG_WARN__DUPLICATE_METHOD_MATCH = YES;
				COPY_PHASE_STRIP = NO;
				DEBUG_INFORMATION_FORMAT = "dwarf-with-dsym";
				ENABLE_NS_ASSERTIONS = NO;
				ENABLE_STRICT_OBJC_MSGSEND = YES;
				GCC_C_LANGUAGE_STANDARD = gnu11;
				GCC_NO_COMMON_BLOCKS = YES;
				GCC_WARN_64_TO_32_BIT_CONVERSION = YES;
				GCC_WARN_ABOUT_RETURN_TYPE = YES_ERROR;
				GCC_WARN_UNDECLARED_SELECTOR = YES;
				GCC_WARN_UNINITIALIZED_AUTOS = YES_AGGRESSIVE;
				GCC_WARN_UNUSED_FUNCTION = YES;
				GCC_WARN_UNUSED_VARIABLE = YES;
				IPHONEOS_DEPLOYMENT_TARGET = 14.3;
				MTL_ENABLE_DEBUG_INFO = NO;
				MTL_FAST_MATH = YES;
				SDKROOT = iphoneos;
				SWIFT_COMPILATION_MODE = wholemodule;
				SWIFT_OPTIMIZATION_LEVEL = "-O";
				VALIDATE_PRODUCT = YES;
			};
			name = Release;
		};
		B39D375327D20E6200614014 /* Debug */ = {
			isa = XCBuildConfiguration;
			buildSettings = {
				ASSETCATALOG_COMPILER_APPICON_NAME = AppIcon;
				ASSETCATALOG_COMPILER_GLOBAL_ACCENT_COLOR_NAME = AccentColor;
				CODE_SIGN_STYLE = Automatic;
				DEVELOPMENT_TEAM = HGF48S4DZC;
				INFOPLIST_FILE = DesignPrinciple/Info.plist;
				LD_RUNPATH_SEARCH_PATHS = (
					"$(inherited)",
					"@executable_path/Frameworks",
				);
				PRODUCT_BUNDLE_IDENTIFIER = Fearless.DesignPrinciple;
				PRODUCT_NAME = "$(TARGET_NAME)";
				SWIFT_VERSION = 5.0;
				TARGETED_DEVICE_FAMILY = "1,2";
			};
			name = Debug;
		};
		B39D375427D20E6200614014 /* Release */ = {
			isa = XCBuildConfiguration;
			buildSettings = {
				ASSETCATALOG_COMPILER_APPICON_NAME = AppIcon;
				ASSETCATALOG_COMPILER_GLOBAL_ACCENT_COLOR_NAME = AccentColor;
				CODE_SIGN_STYLE = Automatic;
				DEVELOPMENT_TEAM = HGF48S4DZC;
				INFOPLIST_FILE = DesignPrinciple/Info.plist;
				LD_RUNPATH_SEARCH_PATHS = (
					"$(inherited)",
					"@executable_path/Frameworks",
				);
				PRODUCT_BUNDLE_IDENTIFIER = Fearless.DesignPrinciple;
				PRODUCT_NAME = "$(TARGET_NAME)";
				SWIFT_VERSION = 5.0;
				TARGETED_DEVICE_FAMILY = "1,2";
			};
			name = Release;
		};
		B39D375F27D20EEB00614014 /* Debug */ = {
			isa = XCBuildConfiguration;
			buildSettings = {
				CODE_SIGN_STYLE = Automatic;
				DEVELOPMENT_TEAM = HGF48S4DZC;
				ENABLE_HARDENED_RUNTIME = YES;
				MACOSX_DEPLOYMENT_TARGET = 10.15;
				PRODUCT_NAME = "$(TARGET_NAME)";
				SDKROOT = macosx;
				SWIFT_VERSION = 5.0;
			};
			name = Debug;
		};
		B39D376027D20EEB00614014 /* Release */ = {
			isa = XCBuildConfiguration;
			buildSettings = {
				CODE_SIGN_STYLE = Automatic;
				DEVELOPMENT_TEAM = HGF48S4DZC;
				ENABLE_HARDENED_RUNTIME = YES;
				MACOSX_DEPLOYMENT_TARGET = 10.15;
				PRODUCT_NAME = "$(TARGET_NAME)";
				SDKROOT = macosx;
				SWIFT_VERSION = 5.0;
			};
			name = Release;
		};
		B39D376D27D21D5D00614014 /* Debug */ = {
			isa = XCBuildConfiguration;
			buildSettings = {
				CODE_SIGN_STYLE = Automatic;
				DEVELOPMENT_TEAM = HGF48S4DZC;
				ENABLE_HARDENED_RUNTIME = YES;
				MACOSX_DEPLOYMENT_TARGET = 10.15;
				PRODUCT_NAME = "$(TARGET_NAME)";
				SDKROOT = macosx;
				SWIFT_VERSION = 5.0;
			};
			name = Debug;
		};
		B39D376E27D21D5D00614014 /* Release */ = {
			isa = XCBuildConfiguration;
			buildSettings = {
				CODE_SIGN_STYLE = Automatic;
				DEVELOPMENT_TEAM = HGF48S4DZC;
				ENABLE_HARDENED_RUNTIME = YES;
				MACOSX_DEPLOYMENT_TARGET = 10.15;
				PRODUCT_NAME = "$(TARGET_NAME)";
				SDKROOT = macosx;
				SWIFT_VERSION = 5.0;
			};
			name = Release;
		};
		B39D377B27D21F9300614014 /* Debug */ = {
			isa = XCBuildConfiguration;
			buildSettings = {
				CODE_SIGN_STYLE = Automatic;
				DEVELOPMENT_TEAM = HGF48S4DZC;
				ENABLE_HARDENED_RUNTIME = YES;
				MACOSX_DEPLOYMENT_TARGET = 10.15;
				PRODUCT_NAME = "$(TARGET_NAME)";
				SDKROOT = macosx;
				SWIFT_VERSION = 5.0;
			};
			name = Debug;
		};
		B39D377C27D21F9300614014 /* Release */ = {
			isa = XCBuildConfiguration;
			buildSettings = {
				CODE_SIGN_STYLE = Automatic;
				DEVELOPMENT_TEAM = HGF48S4DZC;
				ENABLE_HARDENED_RUNTIME = YES;
				MACOSX_DEPLOYMENT_TARGET = 10.15;
				PRODUCT_NAME = "$(TARGET_NAME)";
				SDKROOT = macosx;
				SWIFT_VERSION = 5.0;
			};
			name = Release;
		};
		B39D378A27D2226400614014 /* Debug */ = {
			isa = XCBuildConfiguration;
			buildSettings = {
				CODE_SIGN_STYLE = Automatic;
				DEVELOPMENT_TEAM = HGF48S4DZC;
				ENABLE_HARDENED_RUNTIME = YES;
				MACOSX_DEPLOYMENT_TARGET = 10.15;
				PRODUCT_NAME = "$(TARGET_NAME)";
				SDKROOT = macosx;
				SWIFT_VERSION = 5.0;
			};
			name = Debug;
		};
		B39D378B27D2226400614014 /* Release */ = {
			isa = XCBuildConfiguration;
			buildSettings = {
				CODE_SIGN_STYLE = Automatic;
				DEVELOPMENT_TEAM = HGF48S4DZC;
				ENABLE_HARDENED_RUNTIME = YES;
				MACOSX_DEPLOYMENT_TARGET = 10.15;
				PRODUCT_NAME = "$(TARGET_NAME)";
				SDKROOT = macosx;
				SWIFT_VERSION = 5.0;
			};
			name = Release;
		};
		B39D37A127D227CE00614014 /* Debug */ = {
			isa = XCBuildConfiguration;
			buildSettings = {
				CODE_SIGN_STYLE = Automatic;
				DEVELOPMENT_TEAM = HGF48S4DZC;
				ENABLE_HARDENED_RUNTIME = YES;
				MACOSX_DEPLOYMENT_TARGET = 10.15;
				PRODUCT_NAME = "$(TARGET_NAME)";
				SDKROOT = macosx;
				SWIFT_VERSION = 5.0;
			};
			name = Debug;
		};
		B39D37A227D227CE00614014 /* Release */ = {
			isa = XCBuildConfiguration;
			buildSettings = {
				CODE_SIGN_STYLE = Automatic;
				DEVELOPMENT_TEAM = HGF48S4DZC;
				ENABLE_HARDENED_RUNTIME = YES;
				MACOSX_DEPLOYMENT_TARGET = 10.15;
				PRODUCT_NAME = "$(TARGET_NAME)";
				SDKROOT = macosx;
				SWIFT_VERSION = 5.0;
			};
			name = Release;
		};
/* End XCBuildConfiguration section */

/* Begin XCConfigurationList section */
		8AD16E4E27D303F700231AC9 /* Build configuration list for PBXNativeTarget "06-迪米特法则" */ = {
			isa = XCConfigurationList;
			buildConfigurations = (
				8AD16E4C27D303F700231AC9 /* Debug */,
				8AD16E4D27D303F700231AC9 /* Release */,
			);
			defaultConfigurationIsVisible = 0;
			defaultConfigurationName = Release;
		};
		8AD16E5E27D3078000231AC9 /* Build configuration list for PBXNativeTarget "07-合成复用原则" */ = {
			isa = XCConfigurationList;
			buildConfigurations = (
				8AD16E5F27D3078000231AC9 /* Debug */,
				8AD16E6027D3078000231AC9 /* Release */,
			);
			defaultConfigurationIsVisible = 0;
			defaultConfigurationName = Release;
		};
		B39D373927D20E5800614014 /* Build configuration list for PBXProject "DesignPrinciple" */ = {
			isa = XCConfigurationList;
			buildConfigurations = (
				B39D375027D20E6200614014 /* Debug */,
				B39D375127D20E6200614014 /* Release */,
			);
			defaultConfigurationIsVisible = 0;
			defaultConfigurationName = Release;
		};
		B39D375227D20E6200614014 /* Build configuration list for PBXNativeTarget "DesignPrinciple" */ = {
			isa = XCConfigurationList;
			buildConfigurations = (
				B39D375327D20E6200614014 /* Debug */,
				B39D375427D20E6200614014 /* Release */,
			);
			defaultConfigurationIsVisible = 0;
			defaultConfigurationName = Release;
		};
		B39D376127D20EEB00614014 /* Build configuration list for PBXNativeTarget "01-开闭原则" */ = {
			isa = XCConfigurationList;
			buildConfigurations = (
				B39D375F27D20EEB00614014 /* Debug */,
				B39D376027D20EEB00614014 /* Release */,
			);
			defaultConfigurationIsVisible = 0;
			defaultConfigurationName = Release;
		};
		B39D376C27D21D5D00614014 /* Build configuration list for PBXNativeTarget "02-里式替换原则" */ = {
			isa = XCConfigurationList;
			buildConfigurations = (
				B39D376D27D21D5D00614014 /* Debug */,
				B39D376E27D21D5D00614014 /* Release */,
			);
			defaultConfigurationIsVisible = 0;
			defaultConfigurationName = Release;
		};
		B39D377A27D21F9300614014 /* Build configuration list for PBXNativeTarget "03-单一职责原则" */ = {
			isa = XCConfigurationList;
			buildConfigurations = (
				B39D377B27D21F9300614014 /* Debug */,
				B39D377C27D21F9300614014 /* Release */,
			);
			defaultConfigurationIsVisible = 0;
			defaultConfigurationName = Release;
		};
		B39D378927D2226400614014 /* Build configuration list for PBXNativeTarget "04-接口隔离原则" */ = {
			isa = XCConfigurationList;
			buildConfigurations = (
				B39D378A27D2226400614014 /* Debug */,
				B39D378B27D2226400614014 /* Release */,
			);
			defaultConfigurationIsVisible = 0;
			defaultConfigurationName = Release;
		};
		B39D37A027D227CE00614014 /* Build configuration list for PBXNativeTarget "05-依赖倒置原则" */ = {
			isa = XCConfigurationList;
			buildConfigurations = (
				B39D37A127D227CE00614014 /* Debug */,
				B39D37A227D227CE00614014 /* Release */,
			);
			defaultConfigurationIsVisible = 0;
			defaultConfigurationName = Release;
		};
/* End XCConfigurationList section */
	};
	rootObject = B39D373627D20E5800614014 /* Project object */;
}
